
Microsoft Visual Studio Solution File, Format Version 12.00
# Visual Studio Version 17
VisualStudioVersion = 17.6.33723.286
MinimumVisualStudioVersion = 10.0.40219.1
Project("{FAE04EC0-301F-11D3-BF4B-00C04F79EFBC}") = "ElMirador.Modelo", "ElMirador.Modelo\ElMirador.Modelo.csproj", "{1B9ADC02-6A90-435B-A527-83AD5355B5C1}"
EndProject
Project("{FAE04EC0-301F-11D3-BF4B-00C04F79EFBC}") = "ElMirador.Repositorio", "ElMirador.Repositorio\ElMirador.Repositorio.csproj", "{2B69AA75-8938-42E4-BAF7-4C3FC56C2D01}"
EndProject
Project("{FAE04EC0-301F-11D3-BF4B-00C04F79EFBC}") = "ElMirador.Servicio", "ElMirador.Servicio\ElMirador.Servicio.csproj", "{0BFEB65B-54CA-4AE1-B2B2-894CE2ACC053}"
EndProject
Project("{FAE04EC0-301F-11D3-BF4B-00C04F79EFBC}") = "ElMirador.DTO", "ElMirador.DTO\ElMirador.DTO.csproj", "{F3D2DA7C-7553-4D77-A99E-4B2C2B0253B4}"
EndProject
Project("{FAE04EC0-301F-11D3-BF4B-00C04F79EFBC}") = "ElMirador.Utilidadess", "ElMirador.Utilidadess\ElMirador.Utilidadess.csproj", "{6A071DCE-135A-4B99-81F4-8D243AE2F4BC}"
EndProject
Project("{FAE04EC0-301F-11D3-BF4B-00C04F79EFBC}") = "ElMirador.API", "ElMirador.API\ElMirador.API.csproj", "{8DB87134-AE09-4DDF-935B-F680E2EF24F3}"
EndProject
Project("{FAE04EC0-301F-11D3-BF4B-00C04F79EFBC}") = "ElMirador.WebAssembly", "ElMirador.WebAssembly\ElMirador.WebAssembly.csproj", "{0D4E253E-9BB5-4669-BB52-7ECC20D4800A}"
EndProject
Global
	GlobalSection(SolutionConfigurationPlatforms) = preSolution
		Debug|Any CPU = Debug|Any CPU
		Release|Any CPU = Release|Any CPU
	EndGlobalSection
	GlobalSection(ProjectConfigurationPlatforms) = postSolution
		{1B9ADC02-6A90-435B-A527-83AD5355B5C1}.Debug|Any CPU.ActiveCfg = Debug|Any CPU
		{1B9ADC02-6A90-435B-A527-83AD5355B5C1}.Debug|Any CPU.Build.0 = Debug|Any CPU
		{1B9ADC02-6A90-435B-A527-83AD5355B5C1}.Release|Any CPU.ActiveCfg = Release|Any CPU
		{1B9ADC02-6A90-435B-A527-83AD5355B5C1}.Release|Any CPU.Build.0 = Release|Any CPU
		{2B69AA75-8938-42E4-BAF7-4C3FC56C2D01}.Debug|Any CPU.ActiveCfg = Debug|Any CPU
		{2B69AA75-8938-42E4-BAF7-4C3FC56C2D01}.Debug|Any CPU.Build.0 = Debug|Any CPU
		{2B69AA75-8938-42E4-BAF7-4C3FC56C2D01}.Release|Any CPU.ActiveCfg = Release|Any CPU
		{2B69AA75-8938-42E4-BAF7-4C3FC56C2D01}.Release|Any CPU.Build.0 = Release|Any CPU
		{0BFEB65B-54CA-4AE1-B2B2-894CE2ACC053}.Debug|Any CPU.ActiveCfg = Debug|Any CPU
		{0BFEB65B-54CA-4AE1-B2B2-894CE2ACC053}.Debug|Any CPU.Build.0 = Debug|Any CPU
		{0BFEB65B-54CA-4AE1-B2B2-894CE2ACC053}.Release|Any CPU.ActiveCfg = Release|Any CPU
		{0BFEB65B-54CA-4AE1-B2B2-894CE2ACC053}.Release|Any CPU.Build.0 = Release|Any CPU
		{F3D2DA7C-7553-4D77-A99E-4B2C2B0253B4}.Debug|Any CPU.ActiveCfg = Debug|Any CPU
		{F3D2DA7C-7553-4D77-A99E-4B2C2B0253B4}.Debug|Any CPU.Build.0 = Debug|Any CPU
		{F3D2DA7C-7553-4D77-A99E-4B2C2B0253B4}.Release|Any CPU.ActiveCfg = Release|Any CPU
		{F3D2DA7C-7553-4D77-A99E-4B2C2B0253B4}.Release|Any CPU.Build.0 = Release|Any CPU
		{6A071DCE-135A-4B99-81F4-8D243AE2F4BC}.Debug|Any CPU.ActiveCfg = Debug|Any CPU
		{6A071DCE-135A-4B99-81F4-8D243AE2F4BC}.Debug|Any CPU.Build.0 = Debug|Any CPU
		{6A071DCE-135A-4B99-81F4-8D243AE2F4BC}.Release|Any CPU.ActiveCfg = Release|Any CPU
		{6A071DCE-135A-4B99-81F4-8D243AE2F4BC}.Release|Any CPU.Build.0 = Release|Any CPU
		{8DB87134-AE09-4DDF-935B-F680E2EF24F3}.Debug|Any CPU.ActiveCfg = Debug|Any CPU
		{8DB87134-AE09-4DDF-935B-F680E2EF24F3}.Debug|Any CPU.Build.0 = Debug|Any CPU
		{8DB87134-AE09-4DDF-935B-F680E2EF24F3}.Release|Any CPU.ActiveCfg = Release|Any CPU
		{8DB87134-AE09-4DDF-935B-F680E2EF24F3}.Release|Any CPU.Build.0 = Release|Any CPU
		{0D4E253E-9BB5-4669-BB52-7ECC20D4800A}.Debug|Any CPU.ActiveCfg = Debug|Any CPU
		{0D4E253E-9BB5-4669-BB52-7ECC20D4800A}.Debug|Any CPU.Build.0 = Debug|Any CPU
		{0D4E253E-9BB5-4669-BB52-7ECC20D4800A}.Release|Any CPU.ActiveCfg = Release|Any CPU
		{0D4E253E-9BB5-4669-BB52-7ECC20D4800A}.Release|Any CPU.Build.0 = Release|Any CPU
	EndGlobalSection
	GlobalSection(SolutionProperties) = preSolution
		HideSolutionNode = FALSE
	EndGlobalSection
	GlobalSection(ExtensibilityGlobals) = postSolution
		SolutionGuid = {50AA0368-B84D-42E9-9D8C-229CCE527135}
	EndGlobalSection
EndGlobal
